// !$*UTF8*$!
{
	archiveVersion = 1;
	classes = {
	};
	objectVersion = 55;
	objects = {

/* Begin PBXBuildFile section */
		142A61DDD1749516A4CDF4E1 /* Pods_CheckMusicAlbum.framework in Frameworks */ = {isa = PBXBuildFile; fileRef = C3B09AD3F68A90619FBCBFF1 /* Pods_CheckMusicAlbum.framework */; };
		614BFD2F28DCCAA000B36A41 /* AppDelegate.swift in Sources */ = {isa = PBXBuildFile; fileRef = 614BFD2E28DCCAA000B36A41 /* AppDelegate.swift */; };
		614BFD3128DCCAA000B36A41 /* SceneDelegate.swift in Sources */ = {isa = PBXBuildFile; fileRef = 614BFD3028DCCAA000B36A41 /* SceneDelegate.swift */; };
		614BFD3328DCCAA000B36A41 /* ViewController.swift in Sources */ = {isa = PBXBuildFile; fileRef = 614BFD3228DCCAA000B36A41 /* ViewController.swift */; };
		614BFD3628DCCAA000B36A41 /* Home.storyboard in Resources */ = {isa = PBXBuildFile; fileRef = 614BFD3428DCCAA000B36A41 /* Home.storyboard */; };
		614BFD3828DCCAA200B36A41 /* Assets.xcassets in Resources */ = {isa = PBXBuildFile; fileRef = 614BFD3728DCCAA200B36A41 /* Assets.xcassets */; };
		614BFD3B28DCCAA200B36A41 /* LaunchScreen.storyboard in Resources */ = {isa = PBXBuildFile; fileRef = 614BFD3928DCCAA200B36A41 /* LaunchScreen.storyboard */; };
		614BFD4428DDA02900B36A41 /* AlbumListCollectionViewCell.swift in Sources */ = {isa = PBXBuildFile; fileRef = 614BFD4228DDA02900B36A41 /* AlbumListCollectionViewCell.swift */; };
		614BFD4528DDA02900B36A41 /* AlbumListCollectionViewCell.xib in Resources */ = {isa = PBXBuildFile; fileRef = 614BFD4328DDA02900B36A41 /* AlbumListCollectionViewCell.xib */; };
		61F981EA28DE28E900DC0B2F /* RegistAlbum.storyboard in Resources */ = {isa = PBXBuildFile; fileRef = 61F981E928DE28E900DC0B2F /* RegistAlbum.storyboard */; };
		61F981EC28DE290900DC0B2F /* RegistAlbumViewController.swift in Sources */ = {isa = PBXBuildFile; fileRef = 61F981EB28DE290900DC0B2F /* RegistAlbumViewController.swift */; };
		61F981EE28DEDB3C00DC0B2F /* Model.swift in Sources */ = {isa = PBXBuildFile; fileRef = 61F981ED28DEDB3C00DC0B2F /* Model.swift */; };
/* End PBXBuildFile section */

/* Begin PBXFileReference section */
		614BFD2B28DCCAA000B36A41 /* CheckMusicAlbum.app */ = {isa = PBXFileReference; explicitFileType = wrapper.application; includeInIndex = 0; path = CheckMusicAlbum.app; sourceTree = BUILT_PRODUCTS_DIR; };
		614BFD2E28DCCAA000B36A41 /* AppDelegate.swift */ = {isa = PBXFileReference; lastKnownFileType = sourcecode.swift; path = AppDelegate.swift; sourceTree = "<group>"; };
		614BFD3028DCCAA000B36A41 /* SceneDelegate.swift */ = {isa = PBXFileReference; lastKnownFileType = sourcecode.swift; path = SceneDelegate.swift; sourceTree = "<group>"; };
		614BFD3228DCCAA000B36A41 /* ViewController.swift */ = {isa = PBXFileReference; lastKnownFileType = sourcecode.swift; path = ViewController.swift; sourceTree = "<group>"; };
		614BFD3528DCCAA000B36A41 /* Base */ = {isa = PBXFileReference; lastKnownFileType = file.storyboard; name = Base; path = Base.lproj/Home.storyboard; sourceTree = "<group>"; };
		614BFD3728DCCAA200B36A41 /* Assets.xcassets */ = {isa = PBXFileReference; lastKnownFileType = folder.assetcatalog; path = Assets.xcassets; sourceTree = "<group>"; };
		614BFD3A28DCCAA200B36A41 /* Base */ = {isa = PBXFileReference; lastKnownFileType = file.storyboard; name = Base; path = Base.lproj/LaunchScreen.storyboard; sourceTree = "<group>"; };
		614BFD3C28DCCAA200B36A41 /* Info.plist */ = {isa = PBXFileReference; lastKnownFileType = text.plist.xml; path = Info.plist; sourceTree = "<group>"; };
		614BFD4228DDA02900B36A41 /* AlbumListCollectionViewCell.swift */ = {isa = PBXFileReference; lastKnownFileType = sourcecode.swift; path = AlbumListCollectionViewCell.swift; sourceTree = "<group>"; };
		614BFD4328DDA02900B36A41 /* AlbumListCollectionViewCell.xib */ = {isa = PBXFileReference; lastKnownFileType = file.xib; path = AlbumListCollectionViewCell.xib; sourceTree = "<group>"; };
		61F981E928DE28E900DC0B2F /* RegistAlbum.storyboard */ = {isa = PBXFileReference; lastKnownFileType = file.storyboard; path = RegistAlbum.storyboard; sourceTree = "<group>"; };
		61F981EB28DE290900DC0B2F /* RegistAlbumViewController.swift */ = {isa = PBXFileReference; lastKnownFileType = sourcecode.swift; path = RegistAlbumViewController.swift; sourceTree = "<group>"; };
		61F981ED28DEDB3C00DC0B2F /* Model.swift */ = {isa = PBXFileReference; lastKnownFileType = sourcecode.swift; path = Model.swift; sourceTree = "<group>"; };
		B9A8C5A86F13C3D3243CE6F5 /* Pods-CheckMusicAlbum.release.xcconfig */ = {isa = PBXFileReference; includeInIndex = 1; lastKnownFileType = text.xcconfig; name = "Pods-CheckMusicAlbum.release.xcconfig"; path = "Target Support Files/Pods-CheckMusicAlbum/Pods-CheckMusicAlbum.release.xcconfig"; sourceTree = "<group>"; };
		C3B09AD3F68A90619FBCBFF1 /* Pods_CheckMusicAlbum.framework */ = {isa = PBXFileReference; explicitFileType = wrapper.framework; includeInIndex = 0; path = Pods_CheckMusicAlbum.framework; sourceTree = BUILT_PRODUCTS_DIR; };
		DF6A03855EFD87DC50C4B9A8 /* Pods-CheckMusicAlbum.debug.xcconfig */ = {isa = PBXFileReference; includeInIndex = 1; lastKnownFileType = text.xcconfig; name = "Pods-CheckMusicAlbum.debug.xcconfig"; path = "Target Support Files/Pods-CheckMusicAlbum/Pods-CheckMusicAlbum.debug.xcconfig"; sourceTree = "<group>"; };
/* End PBXFileReference section */

/* Begin PBXFrameworksBuildPhase section */
		614BFD2828DCCAA000B36A41 /* Frameworks */ = {
			isa = PBXFrameworksBuildPhase;
			buildActionMask = 2147483647;
			files = (
				142A61DDD1749516A4CDF4E1 /* Pods_CheckMusicAlbum.framework in Frameworks */,
			);
			runOnlyForDeploymentPostprocessing = 0;
		};
/* End PBXFrameworksBuildPhase section */

/* Begin PBXGroup section */
		0B090F32374AE5740AC5F221 /* Frameworks */ = {
			isa = PBXGroup;
			children = (
				C3B09AD3F68A90619FBCBFF1 /* Pods_CheckMusicAlbum.framework */,
			);
			name = Frameworks;
			sourceTree = "<group>";
		};
		614BFD2228DCCAA000B36A41 = {
			isa = PBXGroup;
			children = (
				614BFD2D28DCCAA000B36A41 /* CheckMusicAlbum */,
				614BFD2C28DCCAA000B36A41 /* Products */,
				F15C067967C89085C74403C9 /* Pods */,
				0B090F32374AE5740AC5F221 /* Frameworks */,
			);
			sourceTree = "<group>";
		};
		614BFD2C28DCCAA000B36A41 /* Products */ = {
			isa = PBXGroup;
			children = (
				614BFD2B28DCCAA000B36A41 /* CheckMusicAlbum.app */,
			);
			name = Products;
			sourceTree = "<group>";
		};
		614BFD2D28DCCAA000B36A41 /* CheckMusicAlbum */ = {
			isa = PBXGroup;
			children = (
				614BFD2E28DCCAA000B36A41 /* AppDelegate.swift */,
				614BFD3028DCCAA000B36A41 /* SceneDelegate.swift */,
				614BFD3228DCCAA000B36A41 /* ViewController.swift */,
				614BFD3428DCCAA000B36A41 /* Home.storyboard */,
				614BFD3728DCCAA200B36A41 /* Assets.xcassets */,
				614BFD3928DCCAA200B36A41 /* LaunchScreen.storyboard */,
				614BFD3C28DCCAA200B36A41 /* Info.plist */,
				614BFD4228DDA02900B36A41 /* AlbumListCollectionViewCell.swift */,
				614BFD4328DDA02900B36A41 /* AlbumListCollectionViewCell.xib */,
				61F981E928DE28E900DC0B2F /* RegistAlbum.storyboard */,
				61F981EB28DE290900DC0B2F /* RegistAlbumViewController.swift */,
				61F981ED28DEDB3C00DC0B2F /* Model.swift */,
			);
			path = CheckMusicAlbum;
			sourceTree = "<group>";
		};
		F15C067967C89085C74403C9 /* Pods */ = {
			isa = PBXGroup;
			children = (
				DF6A03855EFD87DC50C4B9A8 /* Pods-CheckMusicAlbum.debug.xcconfig */,
				B9A8C5A86F13C3D3243CE6F5 /* Pods-CheckMusicAlbum.release.xcconfig */,
			);
			path = Pods;
			sourceTree = "<group>";
		};
/* End PBXGroup section */

/* Begin PBXNativeTarget section */
		614BFD2A28DCCAA000B36A41 /* CheckMusicAlbum */ = {
			isa = PBXNativeTarget;
			buildConfigurationList = 614BFD3F28DCCAA200B36A41 /* Build configuration list for PBXNativeTarget "CheckMusicAlbum" */;
			buildPhases = (
				FF8BED970758FAE7F07DF8D9 /* [CP] Check Pods Manifest.lock */,
				614BFD2728DCCAA000B36A41 /* Sources */,
				614BFD2828DCCAA000B36A41 /* Frameworks */,
				614BFD2928DCCAA000B36A41 /* Resources */,
				5BBE342B6599F37DA83F0DE3 /* [CP] Embed Pods Frameworks */,
			);
			buildRules = (
			);
			dependencies = (
			);
			name = CheckMusicAlbum;
			productName = CheckMusicAlbum;
			productReference = 614BFD2B28DCCAA000B36A41 /* CheckMusicAlbum.app */;
			productType = "com.apple.product-type.application";
		};
/* End PBXNativeTarget section */

/* Begin PBXProject section */
		614BFD2328DCCAA000B36A41 /* Project object */ = {
			isa = PBXProject;
			attributes = {
				BuildIndependentTargetsInParallel = 1;
				LastSwiftUpdateCheck = 1310;
				LastUpgradeCheck = 1310;
				TargetAttributes = {
					614BFD2A28DCCAA000B36A41 = {
						CreatedOnToolsVersion = 13.1;
					};
				};
			};
			buildConfigurationList = 614BFD2628DCCAA000B36A41 /* Build configuration list for PBXProject "CheckMusicAlbum" */;
			compatibilityVersion = "Xcode 13.0";
			developmentRegion = en;
			hasScannedForEncodings = 0;
			knownRegions = (
				en,
				Base,
			);
			mainGroup = 614BFD2228DCCAA000B36A41;
			productRefGroup = 614BFD2C28DCCAA000B36A41 /* Products */;
			projectDirPath = "";
			projectRoot = "";
			targets = (
				614BFD2A28DCCAA000B36A41 /* CheckMusicAlbum */,
			);
		};
/* End PBXProject section */

/* Begin PBXResourcesBuildPhase section */
		614BFD2928DCCAA000B36A41 /* Resources */ = {
			isa = PBXResourcesBuildPhase;
			buildActionMask = 2147483647;
			files = (
				614BFD4528DDA02900B36A41 /* AlbumListCollectionViewCell.xib in Resources */,
				61F981EA28DE28E900DC0B2F /* RegistAlbum.storyboard in Resources */,
				614BFD3B28DCCAA200B36A41 /* LaunchScreen.storyboard in Resources */,
				614BFD3828DCCAA200B36A41 /* Assets.xcassets in Resources */,
				614BFD3628DCCAA000B36A41 /* Home.storyboard in Resources */,
			);
			runOnlyForDeploymentPostprocessing = 0;
		};
/* End PBXResourcesBuildPhase section */

/* Begin PBXShellScriptBuildPhase section */
		5BBE342B6599F37DA83F0DE3 /* [CP] Embed Pods Frameworks */ = {
			isa = PBXShellScriptBuildPhase;
			buildActionMask = 2147483647;
			files = (
			);
			inputFileListPaths = (
				"${PODS_ROOT}/Target Support Files/Pods-CheckMusicAlbum/Pods-CheckMusicAlbum-frameworks-${CONFIGURATION}-input-files.xcfilelist",
			);
			name = "[CP] Embed Pods Frameworks";
			outputFileListPaths = (
				"${PODS_ROOT}/Target Support Files/Pods-CheckMusicAlbum/Pods-CheckMusicAlbum-frameworks-${CONFIGURATION}-output-files.xcfilelist",
			);
			runOnlyForDeploymentPostprocessing = 0;
			shellPath = /bin/sh;
			shellScript = "\"${PODS_ROOT}/Target Support Files/Pods-CheckMusicAlbum/Pods-CheckMusicAlbum-frameworks.sh\"\n";
			showEnvVarsInLog = 0;
		};
		FF8BED970758FAE7F07DF8D9 /* [CP] Check Pods Manifest.lock */ = {
			isa = PBXShellScriptBuildPhase;
			buildActionMask = 2147483647;
			files = (
			);
			inputFileListPaths = (
			);
			inputPaths = (
				"${PODS_PODFILE_DIR_PATH}/Podfile.lock",
				"${PODS_ROOT}/Manifest.lock",
			);
			name = "[CP] Check Pods Manifest.lock";
			outputFileListPaths = (
			);
			outputPaths = (
				"$(DERIVED_FILE_DIR)/Pods-CheckMusicAlbum-checkManifestLockResult.txt",
			);
			runOnlyForDeploymentPostprocessing = 0;
			shellPath = /bin/sh;
			shellScript = "diff \"${PODS_PODFILE_DIR_PATH}/Podfile.lock\" \"${PODS_ROOT}/Manifest.lock\" > /dev/null\nif [ $? != 0 ] ; then\n    # print error to STDERR\n    echo \"error: The sandbox is not in sync with the Podfile.lock. Run 'pod install' or update your CocoaPods installation.\" >&2\n    exit 1\nfi\n# This output is used by Xcode 'outputs' to avoid re-running this script phase.\necho \"SUCCESS\" > \"${SCRIPT_OUTPUT_FILE_0}\"\n";
			showEnvVarsInLog = 0;
		};
/* End PBXShellScriptBuildPhase section */

/* Begin PBXSourcesBuildPhase section */
		614BFD2728DCCAA000B36A41 /* Sources */ = {
			isa = PBXSourcesBuildPhase;
			buildActionMask = 2147483647;
			files = (
				614BFD4428DDA02900B36A41 /* AlbumListCollectionViewCell.swift in Sources */,
				614BFD3328DCCAA000B36A41 /* ViewController.swift in Sources */,
				614BFD2F28DCCAA000B36A41 /* AppDelegate.swift in Sources */,
				61F981EE28DEDB3C00DC0B2F /* Model.swift in Sources */,
				61F981EC28DE290900DC0B2F /* RegistAlbumViewController.swift in Sources */,
				614BFD3128DCCAA000B36A41 /* SceneDelegate.swift in Sources */,
			);
			runOnlyForDeploymentPostprocessing = 0;
		};
/* End PBXSourcesBuildPhase section */

/* Begin PBXVariantGroup section */
		614BFD3428DCCAA000B36A41 /* Home.storyboard */ = {
			isa = PBXVariantGroup;
			children = (
				614BFD3528DCCAA000B36A41 /* Base */,
			);
			name = Home.storyboard;
			sourceTree = "<group>";
		};
		614BFD3928DCCAA200B36A41 /* LaunchScreen.storyboard */ = {
			isa = PBXVariantGroup;
			children = (
				614BFD3A28DCCAA200B36A41 /* Base */,
			);
			name = LaunchScreen.storyboard;
			sourceTree = "<group>";
		};
/* End PBXVariantGroup section */

/* Begin XCBuildConfiguration section */
		614BFD3D28DCCAA200B36A41 /* Debug */ = {
			isa = XCBuildConfiguration;
			buildSettings = {
				ALWAYS_SEARCH_USER_PATHS = NO;
				CLANG_ANALYZER_NONNULL = YES;
				CLANG_ANALYZER_NUMBER_OBJECT_CONVERSION = YES_AGGRESSIVE;
				CLANG_CXX_LANGUAGE_STANDARD = "gnu++17";
				CLANG_CXX_LIBRARY = "libc++";
				CLANG_ENABLE_MODULES = YES;
				CLANG_ENABLE_OBJC_ARC = YES;
				CLANG_ENABLE_OBJC_WEAK = YES;
				CLANG_WARN_BLOCK_CAPTURE_AUTORELEASING = YES;
				CLANG_WARN_BOOL_CONVERSION = YES;
				CLANG_WARN_COMMA = YES;
				CLANG_WARN_CONSTANT_CONVERSION = YES;
				CLANG_WARN_DEPRECATED_OBJC_IMPLEMENTATIONS = YES;
				CLANG_WARN_DIRECT_OBJC_ISA_USAGE = YES_ERROR;
				CLANG_WARN_DOCUMENTATION_COMMENTS = YES;
				CLANG_WARN_EMPTY_BODY = YES;
				CLANG_WARN_ENUM_CONVERSION = YES;
				CLANG_WARN_INFINITE_RECURSION = YES;
				CLANG_WARN_INT_CONVERSION = YES;
				CLANG_WARN_NON_LITERAL_NULL_CONVERSION = YES;
				CLANG_WARN_OBJC_IMPLICIT_RETAIN_SELF = YES;
				CLANG_WARN_OBJC_LITERAL_CONVERSION = YES;
				CLANG_WARN_OBJC_ROOT_CLASS = YES_ERROR;
				CLANG_WARN_QUOTED_INCLUDE_IN_FRAMEWORK_HEADER = YES;
				CLANG_WARN_RANGE_LOOP_ANALYSIS = YES;
				CLANG_WARN_STRICT_PROTOTYPES = YES;
				CLANG_WARN_SUSPICIOUS_MOVE = YES;
				CLANG_WARN_UNGUARDED_AVAILABILITY = YES_AGGRESSIVE;
				CLANG_WARN_UNREACHABLE_CODE = YES;
				CLANG_WARN__DUPLICATE_METHOD_MATCH = YES;
				COPY_PHASE_STRIP = NO;
				DEBUG_INFORMATION_FORMAT = dwarf;
				ENABLE_STRICT_OBJC_MSGSEND = YES;
				ENABLE_TESTABILITY = YES;
				GCC_C_LANGUAGE_STANDARD = gnu11;
				GCC_DYNAMIC_NO_PIC = NO;
				GCC_NO_COMMON_BLOCKS = YES;
				GCC_OPTIMIZATION_LEVEL = 0;
				GCC_PREPROCESSOR_DEFINITIONS = (
					"DEBUG=1",
					"$(inherited)",
				);
				GCC_WARN_64_TO_32_BIT_CONVERSION = YES;
				GCC_WARN_ABOUT_RETURN_TYPE = YES_ERROR;
				GCC_WARN_UNDECLARED_SELECTOR = YES;
				GCC_WARN_UNINITIALIZED_AUTOS = YES_AGGRESSIVE;
				GCC_WARN_UNUSED_FUNCTION = YES;
				GCC_WARN_UNUSED_VARIABLE = YES;
				IPHONEOS_DEPLOYMENT_TARGET = 15.0;
				MTL_ENABLE_DEBUG_INFO = INCLUDE_SOURCE;
				MTL_FAST_MATH = YES;
				ONLY_ACTIVE_ARCH = YES;
				SDKROOT = iphoneos;
				SWIFT_ACTIVE_COMPILATION_CONDITIONS = DEBUG;
				SWIFT_OPTIMIZATION_LEVEL = "-Onone";
			};
			name = Debug;
		};
		614BFD3E28DCCAA200B36A41 /* Release */ = {
			isa = XCBuildConfiguration;
			buildSettings = {
				ALWAYS_SEARCH_USER_PATHS = NO;
				CLANG_ANALYZER_NONNULL = YES;
				CLANG_ANALYZER_NUMBER_OBJECT_CONVERSION = YES_AGGRESSIVE;
				CLANG_CXX_LANGUAGE_STANDARD = "gnu++17";
				CLANG_CXX_LIBRARY = "libc++";
				CLANG_ENABLE_MODULES = YES;
				CLANG_ENABLE_OBJC_ARC = YES;
				CLANG_ENABLE_OBJC_WEAK = YES;
				CLANG_WARN_BLOCK_CAPTURE_AUTORELEASING = YES;
				CLANG_WARN_BOOL_CONVERSION = YES;
				CLANG_WARN_COMMA = YES;
				CLANG_WARN_CONSTANT_CONVERSION = YES;
				CLANG_WARN_DEPRECATED_OBJC_IMPLEMENTATIONS = YES;
				CLANG_WARN_DIRECT_OBJC_ISA_USAGE = YES_ERROR;
				CLANG_WARN_DOCUMENTATION_COMMENTS = YES;
				CLANG_WARN_EMPTY_BODY = YES;
				CLANG_WARN_ENUM_CONVERSION = YES;
				CLANG_WARN_INFINITE_RECURSION = YES;
				CLANG_WARN_INT_CONVERSION = YES;
				CLANG_WARN_NON_LITERAL_NULL_CONVERSION = YES;
				CLANG_WARN_OBJC_IMPLICIT_RETAIN_SELF = YES;
				CLANG_WARN_OBJC_LITERAL_CONVERSION = YES;
				CLANG_WARN_OBJC_ROOT_CLASS = YES_ERROR;
				CLANG_WARN_QUOTED_INCLUDE_IN_FRAMEWORK_HEADER = YES;
				CLANG_WARN_RANGE_LOOP_ANALYSIS = YES;
				CLANG_WARN_STRICT_PROTOTYPES = YES;
				CLANG_WARN_SUSPICIOUS_MOVE = YES;
				CLANG_WARN_UNGUARDED_AVAILABILITY = YES_AGGRESSIVE;
				CLANG_WARN_UNREACHABLE_CODE = YES;
				CLANG_WARN__DUPLICATE_METHOD_MATCH = YES;
				COPY_PHASE_STRIP = NO;
				DEBUG_INFORMATION_FORMAT = "dwarf-with-dsym";
				ENABLE_NS_ASSERTIONS = NO;
				ENABLE_STRICT_OBJC_MSGSEND = YES;
				GCC_C_LANGUAGE_STANDARD = gnu11;
				GCC_NO_COMMON_BLOCKS = YES;
				GCC_WARN_64_TO_32_BIT_CONVERSION = YES;
				GCC_WARN_ABOUT_RETURN_TYPE = YES_ERROR;
				GCC_WARN_UNDECLARED_SELECTOR = YES;
				GCC_WARN_UNINITIALIZED_AUTOS = YES_AGGRESSIVE;
				GCC_WARN_UNUSED_FUNCTION = YES;
				GCC_WARN_UNUSED_VARIABLE = YES;
				IPHONEOS_DEPLOYMENT_TARGET = 15.0;
				MTL_ENABLE_DEBUG_INFO = NO;
				MTL_FAST_MATH = YES;
				SDKROOT = iphoneos;
				SWIFT_COMPILATION_MODE = wholemodule;
				SWIFT_OPTIMIZATION_LEVEL = "-O";
				VALIDATE_PRODUCT = YES;
			};
			name = Release;
		};
		614BFD4028DCCAA200B36A41 /* Debug */ = {
			isa = XCBuildConfiguration;
			baseConfigurationReference = DF6A03855EFD87DC50C4B9A8 /* Pods-CheckMusicAlbum.debug.xcconfig */;
			buildSettings = {
				ASSETCATALOG_COMPILER_APPICON_NAME = AppIcon;
				ASSETCATALOG_COMPILER_GLOBAL_ACCENT_COLOR_NAME = AccentColor;
				CODE_SIGN_STYLE = Automatic;
				CURRENT_PROJECT_VERSION = 1;
				DEVELOPMENT_TEAM = FS7Y3CS9KG;
				GENERATE_INFOPLIST_FILE = YES;
				INFOPLIST_FILE = CheckMusicAlbum/Info.plist;
				INFOPLIST_KEY_CFBundleDisplayName = "CDチェッカー";
				INFOPLIST_KEY_NSCameraUsageDescription = "ジャケット写真を追加するためにカメラで撮影し、その写真を使用します。";
				INFOPLIST_KEY_NSPhotoLibraryUsageDescription = "ジャケット写真を追加するためにフォトライブラリを使用し、写真を選択します。";
				INFOPLIST_KEY_UIApplicationSupportsIndirectInputEvents = YES;
				INFOPLIST_KEY_UILaunchStoryboardName = LaunchScreen;
				INFOPLIST_KEY_UIMainStoryboardFile = Home;
				INFOPLIST_KEY_UISupportedInterfaceOrientations_iPad = "UIInterfaceOrientationPortrait UIInterfaceOrientationPortraitUpsideDown UIInterfaceOrientationLandscapeLeft UIInterfaceOrientationLandscapeRight";
				INFOPLIST_KEY_UISupportedInterfaceOrientations_iPhone = "UIInterfaceOrientationPortrait UIInterfaceOrientationLandscapeLeft UIInterfaceOrientationLandscapeRight";
				IPHONEOS_DEPLOYMENT_TARGET = 14.0;
				LD_RUNPATH_SEARCH_PATHS = (
					"$(inherited)",
					"@executable_path/Frameworks",
				);
				MARKETING_VERSION = 1.0;
				PRODUCT_BUNDLE_IDENTIFIER = com.yuki.t.CheckMusicAlbum;
				PRODUCT_NAME = "$(TARGET_NAME)";
				SUPPORTED_PLATFORMS = "iphoneos iphonesimulator";
				SUPPORTS_MACCATALYST = NO;
				SUPPORTS_MAC_DESIGNED_FOR_IPHONE_IPAD = NO;
				SWIFT_EMIT_LOC_STRINGS = YES;
				SWIFT_VERSION = 5.0;
				TARGETED_DEVICE_FAMILY = 1;
			};
			name = Debug;
		};
		614BFD4128DCCAA200B36A41 /* Release */ = {
			isa = XCBuildConfiguration;
			baseConfigurationReference = B9A8C5A86F13C3D3243CE6F5 /* Pods-CheckMusicAlbum.release.xcconfig */;
			buildSettings = {
				ASSETCATALOG_COMPILER_APPICON_NAME = AppIcon;
				ASSETCATALOG_COMPILER_GLOBAL_ACCENT_COLOR_NAME = AccentColor;
				CODE_SIGN_STYLE = Automatic;
				CURRENT_PROJECT_VERSION = 1;
				DEVELOPMENT_TEAM = FS7Y3CS9KG;
				GENERATE_INFOPLIST_FILE = YES;
				INFOPLIST_FILE = CheckMusicAlbum/Info.plist;
				INFOPLIST_KEY_CFBundleDisplayName = "CDチェッカー";
				INFOPLIST_KEY_NSCameraUsageDescription = "ジャケット写真を追加するためにカメラで撮影し、その写真を使用します。";
				INFOPLIST_KEY_NSPhotoLibraryUsageDescription = "ジャケット写真を追加するためにフォトライブラリを使用し、写真を選択します。";
				INFOPLIST_KEY_UIApplicationSupportsIndirectInputEvents = YES;
				INFOPLIST_KEY_UILaunchStoryboardName = LaunchScreen;
				INFOPLIST_KEY_UIMainStoryboardFile = Home;
				INFOPLIST_KEY_UISupportedInterfaceOrientations_iPad = "UIInterfaceOrientationPortrait UIInterfaceOrientationPortraitUpsideDown UIInterfaceOrientationLandscapeLeft UIInterfaceOrientationLandscapeRight";
				INFOPLIST_KEY_UISupportedInterfaceOrientations_iPhone = "UIInterfaceOrientationPortrait UIInterfaceOrientationLandscapeLeft UIInterfaceOrientationLandscapeRight";
				IPHONEOS_DEPLOYMENT_TARGET = 14.0;
				LD_RUNPATH_SEARCH_PATHS = (
					"$(inherited)",
					"@executable_path/Frameworks",
				);
				MARKETING_VERSION = 1.0;
				PRODUCT_BUNDLE_IDENTIFIER = com.yuki.t.CheckMusicAlbum;
				PRODUCT_NAME = "$(TARGET_NAME)";
				SUPPORTED_PLATFORMS = "iphoneos iphonesimulator";
				SUPPORTS_MACCATALYST = NO;
				SUPPORTS_MAC_DESIGNED_FOR_IPHONE_IPAD = NO;
				SWIFT_EMIT_LOC_STRINGS = YES;
				SWIFT_VERSION = 5.0;
				TARGETED_DEVICE_FAMILY = 1;
			};
			name = Release;
		};
/* End XCBuildConfiguration section */

/* Begin XCConfigurationList section */
		614BFD2628DCCAA000B36A41 /* Build configuration list for PBXProject "CheckMusicAlbum" */ = {
			isa = XCConfigurationList;
			buildConfigurations = (
				614BFD3D28DCCAA200B36A41 /* Debug */,
				614BFD3E28DCCAA200B36A41 /* Release */,
			);
			defaultConfigurationIsVisible = 0;
			defaultConfigurationName = Release;
		};
		614BFD3F28DCCAA200B36A41 /* Build configuration list for PBXNativeTarget "CheckMusicAlbum" */ = {
			isa = XCConfigurationList;
			buildConfigurations = (
				614BFD4028DCCAA200B36A41 /* Debug */,
				614BFD4128DCCAA200B36A41 /* Release */,
			);
			defaultConfigurationIsVisible = 0;
			defaultConfigurationName = Release;
		};
/* End XCConfigurationList section */
	};
	rootObject = 614BFD2328DCCAA000B36A41 /* Project object */;
}
